// !$*UTF8*$!
{
	archiveVersion = 1;
	classes = {
	};
	objectVersion = 46;
	objects = {

/* Begin PBXBuildFile section */
		7683D65A1C237E1B0073CAE1 /* Cortana.swift in Sources */ = {isa = PBXBuildFile; fileRef = 7683D6591C237E1B0073CAE1 /* Cortana.swift */; };
		7683D65C1C237FAF0073CAE1 /* AbstractFactory.swift in Sources */ = {isa = PBXBuildFile; fileRef = 7683D65B1C237FAF0073CAE1 /* AbstractFactory.swift */; };
		7683D65E1C23814C0073CAE1 /* SiriFactory.swift in Sources */ = {isa = PBXBuildFile; fileRef = 7683D65D1C23814C0073CAE1 /* SiriFactory.swift */; };
		7683D6601C2381A40073CAE1 /* CortanaFactory.swift in Sources */ = {isa = PBXBuildFile; fileRef = 7683D65F1C2381A40073CAE1 /* CortanaFactory.swift */; };
		7683D6631C23837E0073CAE1 /* FactoryPatternTest.swift in Sources */ = {isa = PBXBuildFile; fileRef = 7683D6611C23833A0073CAE1 /* FactoryPatternTest.swift */; };
		7683D6641C2383CD0073CAE1 /* AbstractFactory.swift in Sources */ = {isa = PBXBuildFile; fileRef = 7683D65B1C237FAF0073CAE1 /* AbstractFactory.swift */; };
		7683D6651C2383D00073CAE1 /* SiriFactory.swift in Sources */ = {isa = PBXBuildFile; fileRef = 7683D65D1C23814C0073CAE1 /* SiriFactory.swift */; };
		7683D6661C2383D20073CAE1 /* CortanaFactory.swift in Sources */ = {isa = PBXBuildFile; fileRef = 7683D65F1C2381A40073CAE1 /* CortanaFactory.swift */; };
		7683D6671C2383E00073CAE1 /* Cortana.swift in Sources */ = {isa = PBXBuildFile; fileRef = 7683D6591C237E1B0073CAE1 /* Cortana.swift */; };
		7683D6691C2388DE0073CAE1 /* FactoryProducer.swift in Sources */ = {isa = PBXBuildFile; fileRef = 7683D6681C2388DE0073CAE1 /* FactoryProducer.swift */; };
		7683D66A1C2388DE0073CAE1 /* FactoryProducer.swift in Sources */ = {isa = PBXBuildFile; fileRef = 7683D6681C2388DE0073CAE1 /* FactoryProducer.swift */; };
		7683D66C1C2389490073CAE1 /* FactoryTypes.swift in Sources */ = {isa = PBXBuildFile; fileRef = 7683D66B1C2389490073CAE1 /* FactoryTypes.swift */; };
		7683D66D1C2389490073CAE1 /* FactoryTypes.swift in Sources */ = {isa = PBXBuildFile; fileRef = 7683D66B1C2389490073CAE1 /* FactoryTypes.swift */; };
		76952A881C225C5E0024E51F /* Pattern Swift.h in Headers */ = {isa = PBXBuildFile; fileRef = 76952A871C225C5E0024E51F /* Pattern Swift.h */; settings = {ATTRIBUTES = (Public, ); }; };
		76952A8F1C225C5E0024E51F /* PatternSwift.framework in Frameworks */ = {isa = PBXBuildFile; fileRef = 76952A841C225C5E0024E51F /* PatternSwift.framework */; };
		76952AA01C2273570024E51F /* DanceBehavior.swift in Sources */ = {isa = PBXBuildFile; fileRef = 76952A9F1C2273570024E51F /* DanceBehavior.swift */; };
		76952AA21C22740E0024E51F /* LatinDance.swift in Sources */ = {isa = PBXBuildFile; fileRef = 76952AA11C22740E0024E51F /* LatinDance.swift */; };
		76952AA41C2274650024E51F /* FolkDance.swift in Sources */ = {isa = PBXBuildFile; fileRef = 76952AA31C2274650024E51F /* FolkDance.swift */; };
		76952AA81C2275880024E51F /* StrategyPatternTest.swift in Sources */ = {isa = PBXBuildFile; fileRef = 76952AA71C2275880024E51F /* StrategyPatternTest.swift */; };
		76952AAA1C22762A0024E51F /* Siri.swift in Sources */ = {isa = PBXBuildFile; fileRef = 76952AA91C22762A0024E51F /* Siri.swift */; };
		76E1CB131C227AD80088423E /* Siri.swift in Sources */ = {isa = PBXBuildFile; fileRef = 76952AA91C22762A0024E51F /* Siri.swift */; };
		76E1CB141C227ADC0088423E /* DanceBehavior.swift in Sources */ = {isa = PBXBuildFile; fileRef = 76952A9F1C2273570024E51F /* DanceBehavior.swift */; };
		76E1CB151C227ADC0088423E /* LatinDance.swift in Sources */ = {isa = PBXBuildFile; fileRef = 76952AA11C22740E0024E51F /* LatinDance.swift */; };
		76E1CB161C227ADC0088423E /* FolkDance.swift in Sources */ = {isa = PBXBuildFile; fileRef = 76952AA31C2274650024E51F /* FolkDance.swift */; };
		76E1CB191C2282D20088423E /* VoiceCommandObserver.swift in Sources */ = {isa = PBXBuildFile; fileRef = 76E1CB181C2282D20088423E /* VoiceCommandObserver.swift */; };
		76E1CB1B1C2283E20088423E /* VoiceAssistant.swift in Sources */ = {isa = PBXBuildFile; fileRef = 76E1CB1A1C2283E20088423E /* VoiceAssistant.swift */; };
		76E1CB1C1C2283E20088423E /* VoiceAssistant.swift in Sources */ = {isa = PBXBuildFile; fileRef = 76E1CB1A1C2283E20088423E /* VoiceAssistant.swift */; };
		76E1CB1E1C228A430088423E /* ObserverPatternTest.swift in Sources */ = {isa = PBXBuildFile; fileRef = 76E1CB1D1C228A430088423E /* ObserverPatternTest.swift */; };
		76E1CB1F1C228BB80088423E /* VoiceCommandObserver.swift in Sources */ = {isa = PBXBuildFile; fileRef = 76E1CB181C2282D20088423E /* VoiceCommandObserver.swift */; };
/* End PBXBuildFile section */

/* Begin PBXContainerItemProxy section */
		76952A901C225C5E0024E51F /* PBXContainerItemProxy */ = {
			isa = PBXContainerItemProxy;
			containerPortal = 76952A7B1C225C5E0024E51F /* Project object */;
			proxyType = 1;
			remoteGlobalIDString = 76952A831C225C5E0024E51F;
			remoteInfo = "Pattern Swift";
		};
/* End PBXContainerItemProxy section */

/* Begin PBXFileReference section */
		7683D6591C237E1B0073CAE1 /* Cortana.swift */ = {isa = PBXFileReference; fileEncoding = 4; lastKnownFileType = sourcecode.swift; path = Cortana.swift; sourceTree = "<group>"; };
		7683D65B1C237FAF0073CAE1 /* AbstractFactory.swift */ = {isa = PBXFileReference; fileEncoding = 4; lastKnownFileType = sourcecode.swift; path = AbstractFactory.swift; sourceTree = "<group>"; };
		7683D65D1C23814C0073CAE1 /* SiriFactory.swift */ = {isa = PBXFileReference; fileEncoding = 4; lastKnownFileType = sourcecode.swift; path = SiriFactory.swift; sourceTree = "<group>"; };
		7683D65F1C2381A40073CAE1 /* CortanaFactory.swift */ = {isa = PBXFileReference; fileEncoding = 4; lastKnownFileType = sourcecode.swift; path = CortanaFactory.swift; sourceTree = "<group>"; };
		7683D6611C23833A0073CAE1 /* FactoryPatternTest.swift */ = {isa = PBXFileReference; fileEncoding = 4; lastKnownFileType = sourcecode.swift; path = FactoryPatternTest.swift; sourceTree = "<group>"; };
		7683D6681C2388DE0073CAE1 /* FactoryProducer.swift */ = {isa = PBXFileReference; fileEncoding = 4; lastKnownFileType = sourcecode.swift; path = FactoryProducer.swift; sourceTree = "<group>"; };
		7683D66B1C2389490073CAE1 /* FactoryTypes.swift */ = {isa = PBXFileReference; fileEncoding = 4; lastKnownFileType = sourcecode.swift; path = FactoryTypes.swift; sourceTree = "<group>"; };
		76952A841C225C5E0024E51F /* PatternSwift.framework */ = {isa = PBXFileReference; explicitFileType = wrapper.framework; includeInIndex = 0; path = PatternSwift.framework; sourceTree = BUILT_PRODUCTS_DIR; };
		76952A871C225C5E0024E51F /* Pattern Swift.h */ = {isa = PBXFileReference; lastKnownFileType = sourcecode.c.h; path = "Pattern Swift.h"; sourceTree = "<group>"; };
		76952A891C225C5E0024E51F /* Info.plist */ = {isa = PBXFileReference; lastKnownFileType = text.plist.xml; path = Info.plist; sourceTree = "<group>"; };
		76952A8E1C225C5E0024E51F /* PatternSwift.xctest */ = {isa = PBXFileReference; explicitFileType = wrapper.cfbundle; includeInIndex = 0; path = PatternSwift.xctest; sourceTree = BUILT_PRODUCTS_DIR; };
		76952A951C225C5E0024E51F /* Info.plist */ = {isa = PBXFileReference; lastKnownFileType = text.plist.xml; path = Info.plist; sourceTree = "<group>"; };
		76952A9F1C2273570024E51F /* DanceBehavior.swift */ = {isa = PBXFileReference; fileEncoding = 4; lastKnownFileType = sourcecode.swift; path = DanceBehavior.swift; sourceTree = "<group>"; };
		76952AA11C22740E0024E51F /* LatinDance.swift */ = {isa = PBXFileReference; fileEncoding = 4; lastKnownFileType = sourcecode.swift; path = LatinDance.swift; sourceTree = "<group>"; };
		76952AA31C2274650024E51F /* FolkDance.swift */ = {isa = PBXFileReference; fileEncoding = 4; lastKnownFileType = sourcecode.swift; path = FolkDance.swift; sourceTree = "<group>"; };
		76952AA61C2275870024E51F /* PatternSwiftTests-Bridging-Header.h */ = {isa = PBXFileReference; lastKnownFileType = sourcecode.c.h; path = "PatternSwiftTests-Bridging-Header.h"; sourceTree = "<group>"; };
		76952AA71C2275880024E51F /* StrategyPatternTest.swift */ = {isa = PBXFileReference; fileEncoding = 4; lastKnownFileType = sourcecode.swift; path = StrategyPatternTest.swift; sourceTree = "<group>"; };
		76952AA91C22762A0024E51F /* Siri.swift */ = {isa = PBXFileReference; fileEncoding = 4; lastKnownFileType = sourcecode.swift; path = Siri.swift; sourceTree = "<group>"; };
		76E1CB181C2282D20088423E /* VoiceCommandObserver.swift */ = {isa = PBXFileReference; fileEncoding = 4; lastKnownFileType = sourcecode.swift; path = VoiceCommandObserver.swift; sourceTree = "<group>"; };
		76E1CB1A1C2283E20088423E /* VoiceAssistant.swift */ = {isa = PBXFileReference; fileEncoding = 4; lastKnownFileType = sourcecode.swift; path = VoiceAssistant.swift; sourceTree = "<group>"; };
		76E1CB1D1C228A430088423E /* ObserverPatternTest.swift */ = {isa = PBXFileReference; fileEncoding = 4; lastKnownFileType = sourcecode.swift; path = ObserverPatternTest.swift; sourceTree = "<group>"; };
/* End PBXFileReference section */

/* Begin PBXFrameworksBuildPhase section */
		76952A801C225C5E0024E51F /* Frameworks */ = {
			isa = PBXFrameworksBuildPhase;
			buildActionMask = 2147483647;
			files = (
			);
			runOnlyForDeploymentPostprocessing = 0;
		};
		76952A8B1C225C5E0024E51F /* Frameworks */ = {
			isa = PBXFrameworksBuildPhase;
			buildActionMask = 2147483647;
			files = (
				76952A8F1C225C5E0024E51F /* PatternSwift.framework in Frameworks */,
			);
			runOnlyForDeploymentPostprocessing = 0;
		};
/* End PBXFrameworksBuildPhase section */

/* Begin PBXGroup section */
		7683D6571C237D090073CAE1 /* Factory */ = {
			isa = PBXGroup;
			children = (
				7683D65B1C237FAF0073CAE1 /* AbstractFactory.swift */,
				7683D65D1C23814C0073CAE1 /* SiriFactory.swift */,
				7683D65F1C2381A40073CAE1 /* CortanaFactory.swift */,
				7683D6681C2388DE0073CAE1 /* FactoryProducer.swift */,
				7683D66B1C2389490073CAE1 /* FactoryTypes.swift */,
			);
			name = Factory;
			sourceTree = "<group>";
		};
		7683D6581C237D2F0073CAE1 /* Voice Assistant */ = {
			isa = PBXGroup;
			children = (
				76952AA91C22762A0024E51F /* Siri.swift */,
				76E1CB1A1C2283E20088423E /* VoiceAssistant.swift */,
				7683D6591C237E1B0073CAE1 /* Cortana.swift */,
			);
			name = "Voice Assistant";
			sourceTree = "<group>";
		};
		76952A7A1C225C5E0024E51F = {
			isa = PBXGroup;
			children = (
				76952A861C225C5E0024E51F /* Pattern Swift */,
				76952A921C225C5E0024E51F /* Pattern SwiftTests */,
				76952A851C225C5E0024E51F /* Products */,
			);
			sourceTree = "<group>";
		};
		76952A851C225C5E0024E51F /* Products */ = {
			isa = PBXGroup;
			children = (
				76952A841C225C5E0024E51F /* PatternSwift.framework */,
				76952A8E1C225C5E0024E51F /* PatternSwift.xctest */,
			);
			name = Products;
			sourceTree = "<group>";
		};
		76952A861C225C5E0024E51F /* Pattern Swift */ = {
			isa = PBXGroup;
			children = (
				7683D6581C237D2F0073CAE1 /* Voice Assistant */,
				7683D6571C237D090073CAE1 /* Factory */,
				76E1CB171C2281450088423E /* Observer */,
				76952A9E1C2272470024E51F /* Strategy */,
				76952A871C225C5E0024E51F /* Pattern Swift.h */,
				76952A891C225C5E0024E51F /* Info.plist */,
			);
			path = "Pattern Swift";
			sourceTree = "<group>";
		};
		76952A921C225C5E0024E51F /* Pattern SwiftTests */ = {
			isa = PBXGroup;
			children = (
				76952A951C225C5E0024E51F /* Info.plist */,
				76952AA71C2275880024E51F /* StrategyPatternTest.swift */,
				76E1CB1D1C228A430088423E /* ObserverPatternTest.swift */,
				7683D6611C23833A0073CAE1 /* FactoryPatternTest.swift */,
				76952AA61C2275870024E51F /* PatternSwiftTests-Bridging-Header.h */,
			);
			path = "Pattern SwiftTests";
			sourceTree = "<group>";
		};
		76952A9E1C2272470024E51F /* Strategy */ = {
			isa = PBXGroup;
			children = (
				76952A9F1C2273570024E51F /* DanceBehavior.swift */,
				76952AA11C22740E0024E51F /* LatinDance.swift */,
				76952AA31C2274650024E51F /* FolkDance.swift */,
			);
			name = Strategy;
			sourceTree = "<group>";
		};
		76E1CB171C2281450088423E /* Observer */ = {
			isa = PBXGroup;
			children = (
				76E1CB181C2282D20088423E /* VoiceCommandObserver.swift */,
			);
			name = Observer;
			sourceTree = "<group>";
		};
/* End PBXGroup section */

/* Begin PBXHeadersBuildPhase section */
		76952A811C225C5E0024E51F /* Headers */ = {
			isa = PBXHeadersBuildPhase;
			buildActionMask = 2147483647;
			files = (
				76952A881C225C5E0024E51F /* Pattern Swift.h in Headers */,
			);
			runOnlyForDeploymentPostprocessing = 0;
		};
/* End PBXHeadersBuildPhase section */

/* Begin PBXNativeTarget section */
		76952A831C225C5E0024E51F /* PatternSwift */ = {
			isa = PBXNativeTarget;
			buildConfigurationList = 76952A981C225C5E0024E51F /* Build configuration list for PBXNativeTarget "PatternSwift" */;
			buildPhases = (
				76952A7F1C225C5E0024E51F /* Sources */,
				76952A801C225C5E0024E51F /* Frameworks */,
				76952A811C225C5E0024E51F /* Headers */,
				76952A821C225C5E0024E51F /* Resources */,
				76952AA51C2274D00024E51F /* ShellScript */,
			);
			buildRules = (
			);
			dependencies = (
			);
			name = PatternSwift;
			productName = "Pattern Swift";
			productReference = 76952A841C225C5E0024E51F /* PatternSwift.framework */;
			productType = "com.apple.product-type.framework";
		};
		76952A8D1C225C5E0024E51F /* PatternSwiftTests */ = {
			isa = PBXNativeTarget;
			buildConfigurationList = 76952A9B1C225C5E0024E51F /* Build configuration list for PBXNativeTarget "PatternSwiftTests" */;
			buildPhases = (
				76952A8A1C225C5E0024E51F /* Sources */,
				76952A8B1C225C5E0024E51F /* Frameworks */,
				76952A8C1C225C5E0024E51F /* Resources */,
			);
			buildRules = (
			);
			dependencies = (
				76952A911C225C5E0024E51F /* PBXTargetDependency */,
			);
			name = PatternSwiftTests;
			productName = "Pattern SwiftTests";
			productReference = 76952A8E1C225C5E0024E51F /* PatternSwift.xctest */;
			productType = "com.apple.product-type.bundle.unit-test";
		};
/* End PBXNativeTarget section */

/* Begin PBXProject section */
		76952A7B1C225C5E0024E51F /* Project object */ = {
			isa = PBXProject;
			attributes = {
				LastSwiftUpdateCheck = 0720;
				LastUpgradeCheck = 0720;
				ORGANIZATIONNAME = "Janidu Wanigasuriya";
				TargetAttributes = {
					76952A831C225C5E0024E51F = {
						CreatedOnToolsVersion = 7.2;
					};
					76952A8D1C225C5E0024E51F = {
						CreatedOnToolsVersion = 7.2;
					};
				};
			};
			buildConfigurationList = 76952A7E1C225C5E0024E51F /* Build configuration list for PBXProject "PatternSwift" */;
			compatibilityVersion = "Xcode 3.2";
			developmentRegion = English;
			hasScannedForEncodings = 0;
			knownRegions = (
				en,
			);
			mainGroup = 76952A7A1C225C5E0024E51F;
			productRefGroup = 76952A851C225C5E0024E51F /* Products */;
			projectDirPath = "";
			projectRoot = "";
			targets = (
				76952A831C225C5E0024E51F /* PatternSwift */,
				76952A8D1C225C5E0024E51F /* PatternSwiftTests */,
			);
		};
/* End PBXProject section */

/* Begin PBXResourcesBuildPhase section */
		76952A821C225C5E0024E51F /* Resources */ = {
			isa = PBXResourcesBuildPhase;
			buildActionMask = 2147483647;
			files = (
			);
			runOnlyForDeploymentPostprocessing = 0;
		};
		76952A8C1C225C5E0024E51F /* Resources */ = {
			isa = PBXResourcesBuildPhase;
			buildActionMask = 2147483647;
			files = (
			);
			runOnlyForDeploymentPostprocessing = 0;
		};
/* End PBXResourcesBuildPhase section */

/* Begin PBXShellScriptBuildPhase section */
		76952AA51C2274D00024E51F /* ShellScript */ = {
			isa = PBXShellScriptBuildPhase;
			buildActionMask = 2147483647;
			files = (
			);
			inputPaths = (
			);
			outputPaths = (
			);
			runOnlyForDeploymentPostprocessing = 0;
			shellPath = /bin/sh;
			shellScript = "if which swiftlint >/dev/null; then\nswiftlint\nelse\necho \"SwiftLint does not exist, download from https://github.com/realm/SwiftLint\"\nfi";
		};
/* End PBXShellScriptBuildPhase section */

/* Begin PBXSourcesBuildPhase section */
		76952A7F1C225C5E0024E51F /* Sources */ = {
			isa = PBXSourcesBuildPhase;
			buildActionMask = 2147483647;
			files = (
				76952AAA1C22762A0024E51F /* Siri.swift in Sources */,
				7683D65E1C23814C0073CAE1 /* SiriFactory.swift in Sources */,
				76E1CB1B1C2283E20088423E /* VoiceAssistant.swift in Sources */,
				7683D6691C2388DE0073CAE1 /* FactoryProducer.swift in Sources */,
				7683D6601C2381A40073CAE1 /* CortanaFactory.swift in Sources */,
				7683D65A1C237E1B0073CAE1 /* Cortana.swift in Sources */,
				76952AA21C22740E0024E51F /* LatinDance.swift in Sources */,
				7683D65C1C237FAF0073CAE1 /* AbstractFactory.swift in Sources */,
				76952AA41C2274650024E51F /* FolkDance.swift in Sources */,
				76E1CB191C2282D20088423E /* VoiceCommandObserver.swift in Sources */,
				7683D66C1C2389490073CAE1 /* FactoryTypes.swift in Sources */,
				76952AA01C2273570024E51F /* DanceBehavior.swift in Sources */,
			);
			runOnlyForDeploymentPostprocessing = 0;
		};
		76952A8A1C225C5E0024E51F /* Sources */ = {
			isa = PBXSourcesBuildPhase;
			buildActionMask = 2147483647;
			files = (
				76E1CB141C227ADC0088423E /* DanceBehavior.swift in Sources */,
				7683D6671C2383E00073CAE1 /* Cortana.swift in Sources */,
				76E1CB1E1C228A430088423E /* ObserverPatternTest.swift in Sources */,
				7683D6641C2383CD0073CAE1 /* AbstractFactory.swift in Sources */,
				76E1CB1F1C228BB80088423E /* VoiceCommandObserver.swift in Sources */,
				76E1CB1C1C2283E20088423E /* VoiceAssistant.swift in Sources */,
				76E1CB161C227ADC0088423E /* FolkDance.swift in Sources */,
				7683D6651C2383D00073CAE1 /* SiriFactory.swift in Sources */,
				7683D66A1C2388DE0073CAE1 /* FactoryProducer.swift in Sources */,
				7683D6661C2383D20073CAE1 /* CortanaFactory.swift in Sources */,
				7683D66D1C2389490073CAE1 /* FactoryTypes.swift in Sources */,
				76E1CB131C227AD80088423E /* Siri.swift in Sources */,
				76E1CB151C227ADC0088423E /* LatinDance.swift in Sources */,
				7683D6631C23837E0073CAE1 /* FactoryPatternTest.swift in Sources */,
				76952AA81C2275880024E51F /* StrategyPatternTest.swift in Sources */,
			);
			runOnlyForDeploymentPostprocessing = 0;
		};
/* End PBXSourcesBuildPhase section */

/* Begin PBXTargetDependency section */
		76952A911C225C5E0024E51F /* PBXTargetDependency */ = {
			isa = PBXTargetDependency;
			target = 76952A831C225C5E0024E51F /* PatternSwift */;
			targetProxy = 76952A901C225C5E0024E51F /* PBXContainerItemProxy */;
		};
/* End PBXTargetDependency section */

/* Begin XCBuildConfiguration section */
		76952A961C225C5E0024E51F /* Debug */ = {
			isa = XCBuildConfiguration;
			buildSettings = {
				ALWAYS_SEARCH_USER_PATHS = NO;
				CLANG_CXX_LANGUAGE_STANDARD = "gnu++0x";
				CLANG_CXX_LIBRARY = "libc++";
				CLANG_ENABLE_MODULES = YES;
				CLANG_ENABLE_OBJC_ARC = YES;
				CLANG_WARN_BOOL_CONVERSION = YES;
				CLANG_WARN_CONSTANT_CONVERSION = YES;
				CLANG_WARN_DIRECT_OBJC_ISA_USAGE = YES_ERROR;
				CLANG_WARN_EMPTY_BODY = YES;
				CLANG_WARN_ENUM_CONVERSION = YES;
				CLANG_WARN_INT_CONVERSION = YES;
				CLANG_WARN_OBJC_ROOT_CLASS = YES_ERROR;
				CLANG_WARN_UNREACHABLE_CODE = YES;
				CLANG_WARN__DUPLICATE_METHOD_MATCH = YES;
				"CODE_SIGN_IDENTITY[sdk=iphoneos*]" = "iPhone Developer";
				COPY_PHASE_STRIP = NO;
				CURRENT_PROJECT_VERSION = 1;
				DEBUG_INFORMATION_FORMAT = dwarf;
				ENABLE_STRICT_OBJC_MSGSEND = YES;
				ENABLE_TESTABILITY = YES;
				GCC_C_LANGUAGE_STANDARD = gnu99;
				GCC_DYNAMIC_NO_PIC = NO;
				GCC_NO_COMMON_BLOCKS = YES;
				GCC_OPTIMIZATION_LEVEL = 0;
				GCC_PREPROCESSOR_DEFINITIONS = (
					"DEBUG=1",
					"$(inherited)",
				);
				GCC_WARN_64_TO_32_BIT_CONVERSION = YES;
				GCC_WARN_ABOUT_RETURN_TYPE = YES_ERROR;
				GCC_WARN_UNDECLARED_SELECTOR = YES;
				GCC_WARN_UNINITIALIZED_AUTOS = YES_AGGRESSIVE;
				GCC_WARN_UNUSED_FUNCTION = YES;
				GCC_WARN_UNUSED_VARIABLE = YES;
				IPHONEOS_DEPLOYMENT_TARGET = 9.2;
				MTL_ENABLE_DEBUG_INFO = YES;
				ONLY_ACTIVE_ARCH = YES;
				SDKROOT = iphoneos;
				SWIFT_OPTIMIZATION_LEVEL = "-Onone";
				TARGETED_DEVICE_FAMILY = "1,2";
				VERSIONING_SYSTEM = "apple-generic";
				VERSION_INFO_PREFIX = "";
			};
			name = Debug;
		};
		76952A971C225C5E0024E51F /* Release */ = {
			isa = XCBuildConfiguration;
			buildSettings = {
				ALWAYS_SEARCH_USER_PATHS = NO;
				CLANG_CXX_LANGUAGE_STANDARD = "gnu++0x";
				CLANG_CXX_LIBRARY = "libc++";
				CLANG_ENABLE_MODULES = YES;
				CLANG_ENABLE_OBJC_ARC = YES;
				CLANG_WARN_BOOL_CONVERSION = YES;
				CLANG_WARN_CONSTANT_CONVERSION = YES;
				CLANG_WARN_DIRECT_OBJC_ISA_USAGE = YES_ERROR;
				CLANG_WARN_EMPTY_BODY = YES;
				CLANG_WARN_ENUM_CONVERSION = YES;
				CLANG_WARN_INT_CONVERSION = YES;
				CLANG_WARN_OBJC_ROOT_CLASS = YES_ERROR;
				CLANG_WARN_UNREACHABLE_CODE = YES;
				CLANG_WARN__DUPLICATE_METHOD_MATCH = YES;
				"CODE_SIGN_IDENTITY[sdk=iphoneos*]" = "iPhone Developer";
				COPY_PHASE_STRIP = NO;
				CURRENT_PROJECT_VERSION = 1;
				DEBUG_INFORMATION_FORMAT = "dwarf-with-dsym";
				ENABLE_NS_ASSERTIONS = NO;
				ENABLE_STRICT_OBJC_MSGSEND = YES;
				GCC_C_LANGUAGE_STANDARD = gnu99;
				GCC_NO_COMMON_BLOCKS = YES;
				GCC_WARN_64_TO_32_BIT_CONVERSION = YES;
				GCC_WARN_ABOUT_RETURN_TYPE = YES_ERROR;
				GCC_WARN_UNDECLARED_SELECTOR = YES;
				GCC_WARN_UNINITIALIZED_AUTOS = YES_AGGRESSIVE;
				GCC_WARN_UNUSED_FUNCTION = YES;
				GCC_WARN_UNUSED_VARIABLE = YES;
				IPHONEOS_DEPLOYMENT_TARGET = 9.2;
				MTL_ENABLE_DEBUG_INFO = NO;
				SDKROOT = iphoneos;
				TARGETED_DEVICE_FAMILY = "1,2";
				VALIDATE_PRODUCT = YES;
				VERSIONING_SYSTEM = "apple-generic";
				VERSION_INFO_PREFIX = "";
			};
			name = Release;
		};
		76952A991C225C5E0024E51F /* Debug */ = {
			isa = XCBuildConfiguration;
			buildSettings = {
				CLANG_ENABLE_MODULES = YES;
				DEFINES_MODULE = YES;
				DYLIB_COMPATIBILITY_VERSION = 1;
				DYLIB_CURRENT_VERSION = 1;
				DYLIB_INSTALL_NAME_BASE = "@rpath";
				INFOPLIST_FILE = "Pattern Swift/Info.plist";
				INSTALL_PATH = "$(LOCAL_LIBRARY_DIR)/Frameworks";
				LD_RUNPATH_SEARCH_PATHS = "$(inherited) @executable_path/Frameworks @loader_path/Frameworks";
				PRODUCT_BUNDLE_IDENTIFIER = "com.janiduw.Pattern-Swift";
				PRODUCT_NAME = PatternSwift;
				SKIP_INSTALL = YES;
				SWIFT_OPTIMIZATION_LEVEL = "-Onone";
			};
			name = Debug;
		};
		76952A9A1C225C5E0024E51F /* Release */ = {
			isa = XCBuildConfiguration;
			buildSettings = {
				CLANG_ENABLE_MODULES = YES;
				DEFINES_MODULE = YES;
				DYLIB_COMPATIBILITY_VERSION = 1;
				DYLIB_CURRENT_VERSION = 1;
				DYLIB_INSTALL_NAME_BASE = "@rpath";
				INFOPLIST_FILE = "Pattern Swift/Info.plist";
				INSTALL_PATH = "$(LOCAL_LIBRARY_DIR)/Frameworks";
				LD_RUNPATH_SEARCH_PATHS = "$(inherited) @executable_path/Frameworks @loader_path/Frameworks";
				PRODUCT_BUNDLE_IDENTIFIER = "com.janiduw.Pattern-Swift";
				PRODUCT_NAME = PatternSwift;
				SKIP_INSTALL = YES;
			};
			name = Release;
		};
		76952A9C1C225C5E0024E51F /* Debug */ = {
			isa = XCBuildConfiguration;
			buildSettings = {
				CLANG_ENABLE_MODULES = YES;
				INFOPLIST_FILE = "Pattern SwiftTests/Info.plist";
				LD_RUNPATH_SEARCH_PATHS = "$(inherited) @executable_path/Frameworks @loader_path/Frameworks";
				PRODUCT_BUNDLE_IDENTIFIER = "com.janiduw.Pattern-SwiftTests";
				PRODUCT_NAME = PatternSwift;
				SWIFT_OBJC_BRIDGING_HEADER = "Pattern SwiftTests/PatternSwiftTests-Bridging-Header.h";
				SWIFT_OPTIMIZATION_LEVEL = "-Onone";
			};
			name = Debug;
		};
		76952A9D1C225C5E0024E51F /* Release */ = {
			isa = XCBuildConfiguration;
			buildSettings = {
				CLANG_ENABLE_MODULES = YES;
				INFOPLIST_FILE = "Pattern SwiftTests/Info.plist";
				LD_RUNPATH_SEARCH_PATHS = "$(inherited) @executable_path/Frameworks @loader_path/Frameworks";
				PRODUCT_BUNDLE_IDENTIFIER = "com.janiduw.Pattern-SwiftTests";
				PRODUCT_NAME = PatternSwift;
				SWIFT_OBJC_BRIDGING_HEADER = "Pattern SwiftTests/PatternSwiftTests-Bridging-Header.h";
			};
			name = Release;
		};
/* End XCBuildConfiguration section */

/* Begin XCConfigurationList section */
		76952A7E1C225C5E0024E51F /* Build configuration list for PBXProject "PatternSwift" */ = {
			isa = XCConfigurationList;
			buildConfigurations = (
				76952A961C225C5E0024E51F /* Debug */,
				76952A971C225C5E0024E51F /* Release */,
			);
			defaultConfigurationIsVisible = 0;
			defaultConfigurationName = Release;
		};
		76952A981C225C5E0024E51F /* Build configuration list for PBXNativeTarget "PatternSwift" */ = {
			isa = XCConfigurationList;
			buildConfigurations = (
				76952A991C225C5E0024E51F /* Debug */,
				76952A9A1C225C5E0024E51F /* Release */,
			);
			defaultConfigurationIsVisible = 0;
			defaultConfigurationName = Release;
		};
		76952A9B1C225C5E0024E51F /* Build configuration list for PBXNativeTarget "PatternSwiftTests" */ = {
			isa = XCConfigurationList;
			buildConfigurations = (
				76952A9C1C225C5E0024E51F /* Debug */,
				76952A9D1C225C5E0024E51F /* Release */,
			);
			defaultConfigurationIsVisible = 0;
			defaultConfigurationName = Release;
		};
/* End XCConfigurationList section */
	};
	rootObject = 76952A7B1C225C5E0024E51F /* Project object */;
}
